<?xml version="1.0" encoding="utf-8"?>
<Project ToolsVersion="4.0" xmlns="http://schemas.microsoft.com/developer/msbuild/2003">
  <ItemGroup>
    <ClCompile Include="Main.cpp" />
    <ClCompile Include="..\ABench\Math\Vector.cpp">
      <Filter>Modules</Filter>
    </ClCompile>
    <ClCompile Include="PCH.cpp" />
    <ClCompile Include="..\ABench\Common\FBXFile.cpp">
      <Filter>Modules</Filter>
    </ClCompile>
    <ClCompile Include="Tests\FBXFileTest.cpp">
      <Filter>Tests</Filter>
    </ClCompile>
    <ClCompile Include="..\ABench\Common\Win\Logger.cpp">
      <Filter>Modules\Win</Filter>
    </ClCompile>
    <ClCompile Include="..\ABench\Common\Win\Common.cpp">
      <Filter>Modules\Win</Filter>
    </ClCompile>
    <ClCompile Include="Tests\SortTest.cpp">
      <Filter>Tests</Filter>
    </ClCompile>
    <ClCompile Include="..\ABench\Common\Win\Timer.cpp">
      <Filter>Modules\Win</Filter>
    </ClCompile>
    <ClCompile Include="Tests\Vector4Test.cpp">
      <Filter>Tests</Filter>
    </ClCompile>
    <ClCompile Include="Tests\Vector3Test.cpp">
      <Filter>Tests</Filter>
    </ClCompile>
    <ClCompile Include="..\ABench\Common\Win\FS.cpp">
      <Filter>Modules\Win</Filter>
    </ClCompile>
    <ClCompile Include="..\ABench\Common\Win\Window.cpp">
      <Filter>Modules\Win</Filter>
    </ClCompile>
    <ClCompile Include="Tests\WindowTest.cpp">
      <Filter>Tests</Filter>
    </ClCompile>
  </ItemGroup>
  <ItemGroup>
    <Filter Include="Tests">
      <UniqueIdentifier>{b1bc89d0-5608-41a6-9db0-93dc91f06190}</UniqueIdentifier>
    </Filter>
    <Filter Include="Modules">
      <UniqueIdentifier>{9838f7d0-5044-469c-a1b5-296b250c73e7}</UniqueIdentifier>
    </Filter>
    <Filter Include="Modules\Win">
      <UniqueIdentifier>{fe6f008b-cf2d-4ecc-9181-c306f481b26c}</UniqueIdentifier>
    </Filter>
  </ItemGroup>
  <ItemGroup>
    <ClInclude Include="PCH.hpp" />
  </ItemGroup>
</Project>
