<?xml version="1.0" encoding="utf-8"?>
<Project ToolsVersion="4.0" xmlns="http://schemas.microsoft.com/developer/msbuild/2003">
  <ItemGroup>
    <Filter Include="Common">
      <UniqueIdentifier>{5fcceab6-6503-480a-a370-0fd44c933c19}</UniqueIdentifier>
    </Filter>
    <Filter Include="Renderer">
      <UniqueIdentifier>{f224178c-9446-4e92-97d8-30643535e2eb}</UniqueIdentifier>
    </Filter>
    <Filter Include="Math">
      <UniqueIdentifier>{2110b703-bd35-4cb5-b400-78e3caa79a8a}</UniqueIdentifier>
    </Filter>
  </ItemGroup>
  <ItemGroup>
    <ClCompile Include="Common\Window.cpp">
      <Filter>Common</Filter>
    </ClCompile>
    <ClCompile Include="Main.cpp" />
    <ClCompile Include="PCH.cpp" />
    <ClCompile Include="Renderer\Device.cpp">
      <Filter>Renderer</Filter>
    </ClCompile>
    <ClCompile Include="Renderer\Extensions.cpp">
      <Filter>Renderer</Filter>
    </ClCompile>
    <ClCompile Include="Renderer\Instance.cpp">
      <Filter>Renderer</Filter>
    </ClCompile>
    <ClCompile Include="Common\Library.cpp">
      <Filter>Common</Filter>
    </ClCompile>
    <ClCompile Include="Common\Logger.cpp">
      <Filter>Common</Filter>
    </ClCompile>
    <ClCompile Include="Renderer\Backbuffer.cpp">
      <Filter>Renderer</Filter>
    </ClCompile>
    <ClCompile Include="Math\Matrix.cpp">
      <Filter>Math</Filter>
    </ClCompile>
    <ClCompile Include="Math\Vector.cpp">
      <Filter>Math</Filter>
    </ClCompile>
    <ClCompile Include="Common\Common.cpp">
      <Filter>Common</Filter>
    </ClCompile>
    <ClCompile Include="Renderer\Translations.cpp">
      <Filter>Renderer</Filter>
    </ClCompile>
    <ClCompile Include="Renderer\Texture.cpp">
      <Filter>Renderer</Filter>
    </ClCompile>
    <ClCompile Include="Renderer\SemaphoreManager.cpp">
      <Filter>Renderer</Filter>
    </ClCompile>
    <ClCompile Include="Renderer\RenderPass.cpp">
      <Filter>Renderer</Filter>
    </ClCompile>
    <ClCompile Include="Renderer\Framebuffer.cpp">
      <Filter>Renderer</Filter>
    </ClCompile>
    <ClCompile Include="Renderer\CommandBuffer.cpp">
      <Filter>Renderer</Filter>
    </ClCompile>
    <ClCompile Include="Renderer\Buffer.cpp">
      <Filter>Renderer</Filter>
    </ClCompile>
    <ClCompile Include="Renderer\Debugger.cpp">
      <Filter>Renderer</Filter>
    </ClCompile>
    <ClCompile Include="Renderer\Pipeline.cpp">
      <Filter>Renderer</Filter>
    </ClCompile>
    <ClCompile Include="Renderer\Shader.cpp">
      <Filter>Renderer</Filter>
    </ClCompile>
    <ClCompile Include="Renderer\VertexLayout.cpp">
      <Filter>Renderer</Filter>
    </ClCompile>
  </ItemGroup>
  <ItemGroup>
    <ClInclude Include="Common\Window.hpp">
      <Filter>Common</Filter>
    </ClInclude>
    <ClInclude Include="PCH.hpp" />
    <ClInclude Include="Renderer\Device.hpp">
      <Filter>Renderer</Filter>
    </ClInclude>
    <ClInclude Include="Renderer\Extensions.hpp">
      <Filter>Renderer</Filter>
    </ClInclude>
    <ClInclude Include="Renderer\Instance.hpp">
      <Filter>Renderer</Filter>
    </ClInclude>
    <ClInclude Include="Common\Library.hpp">
      <Filter>Common</Filter>
    </ClInclude>
    <ClInclude Include="Common\Logger.hpp">
      <Filter>Common</Filter>
    </ClInclude>
    <ClInclude Include="Renderer\Backbuffer.hpp">
      <Filter>Renderer</Filter>
    </ClInclude>
    <ClInclude Include="Math\Common.hpp">
      <Filter>Math</Filter>
    </ClInclude>
    <ClInclude Include="Math\Matrix.hpp">
      <Filter>Math</Filter>
    </ClInclude>
    <ClInclude Include="Math\Vector.hpp">
      <Filter>Math</Filter>
    </ClInclude>
    <ClInclude Include="Renderer\Util.hpp">
      <Filter>Renderer</Filter>
    </ClInclude>
    <ClInclude Include="Common\Common.hpp">
      <Filter>Common</Filter>
    </ClInclude>
    <ClInclude Include="Renderer\Translations.hpp">
      <Filter>Renderer</Filter>
    </ClInclude>
    <ClInclude Include="Renderer\Texture.hpp">
      <Filter>Renderer</Filter>
    </ClInclude>
    <ClInclude Include="Renderer\SemaphoreManager.hpp">
      <Filter>Renderer</Filter>
    </ClInclude>
    <ClInclude Include="Renderer\RenderPass.hpp">
      <Filter>Renderer</Filter>
    </ClInclude>
    <ClInclude Include="Renderer\Framebuffer.hpp">
      <Filter>Renderer</Filter>
    </ClInclude>
    <ClInclude Include="Renderer\CommandBuffer.hpp">
      <Filter>Renderer</Filter>
    </ClInclude>
    <ClInclude Include="Renderer\Buffer.hpp">
      <Filter>Renderer</Filter>
    </ClInclude>
    <ClInclude Include="Renderer\Debugger.hpp">
      <Filter>Renderer</Filter>
    </ClInclude>
    <ClInclude Include="Renderer\Pipeline.hpp">
      <Filter>Renderer</Filter>
    </ClInclude>
    <ClInclude Include="Renderer\Shader.hpp">
      <Filter>Renderer</Filter>
    </ClInclude>
    <ClInclude Include="Renderer\VertexLayout.hpp">
      <Filter>Renderer</Filter>
    </ClInclude>
  </ItemGroup>
</Project>