<?xml version="1.0" encoding="utf-8"?>
<Project ToolsVersion="4.0" xmlns="http://schemas.microsoft.com/developer/msbuild/2003">
  <ItemGroup>
    <Filter Include="Common">
      <UniqueIdentifier>{5fcceab6-6503-480a-a370-0fd44c933c19}</UniqueIdentifier>
    </Filter>
    <Filter Include="Renderer">
      <UniqueIdentifier>{f224178c-9446-4e92-97d8-30643535e2eb}</UniqueIdentifier>
    </Filter>
    <Filter Include="Math">
      <UniqueIdentifier>{2110b703-bd35-4cb5-b400-78e3caa79a8a}</UniqueIdentifier>
    </Filter>
    <Filter Include="Scene">
      <UniqueIdentifier>{8c636787-4a62-4303-b10f-d68f25582ee7}</UniqueIdentifier>
    </Filter>
    <Filter Include="Common\Win">
      <UniqueIdentifier>{40ce5f05-4845-4384-875b-c333f300d9a1}</UniqueIdentifier>
    </Filter>
    <Filter Include="Renderer\LowLevel">
      <UniqueIdentifier>{7e0455f2-6292-4755-a62d-9c36cec05f84}</UniqueIdentifier>
    </Filter>
    <Filter Include="Renderer\HighLevel">
      <UniqueIdentifier>{a545384a-00ea-4a84-9f92-845be9453ba1}</UniqueIdentifier>
    </Filter>
    <Filter Include="Renderer\LowLevel\Win">
      <UniqueIdentifier>{708cb32f-f6c7-4c6e-bc41-7872e28bc554}</UniqueIdentifier>
    </Filter>
    <Filter Include="Math\Interpolation">
      <UniqueIdentifier>{1e141e09-4d6a-4b8d-818a-bdf506d63277}</UniqueIdentifier>
    </Filter>
  </ItemGroup>
  <ItemGroup>
    <ClCompile Include="Main.cpp" />
    <ClCompile Include="PCH.cpp" />
    <ClCompile Include="Math\Matrix.cpp">
      <Filter>Math</Filter>
    </ClCompile>
    <ClCompile Include="Scene\Camera.cpp">
      <Filter>Scene</Filter>
    </ClCompile>
    <ClCompile Include="Scene\Object.cpp">
      <Filter>Scene</Filter>
    </ClCompile>
    <ClCompile Include="Scene\Mesh.cpp">
      <Filter>Scene</Filter>
    </ClCompile>
    <ClCompile Include="Common\Win\Common.cpp">
      <Filter>Common\Win</Filter>
    </ClCompile>
    <ClCompile Include="Common\Win\Library.cpp">
      <Filter>Common\Win</Filter>
    </ClCompile>
    <ClCompile Include="Common\Win\Logger.cpp">
      <Filter>Common\Win</Filter>
    </ClCompile>
    <ClCompile Include="Common\Win\Timer.cpp">
      <Filter>Common\Win</Filter>
    </ClCompile>
    <ClCompile Include="Common\Win\Window.cpp">
      <Filter>Common\Win</Filter>
    </ClCompile>
    <ClCompile Include="Common\FBXFile.cpp">
      <Filter>Common</Filter>
    </ClCompile>
    <ClCompile Include="Scene\Scene.cpp">
      <Filter>Scene</Filter>
    </ClCompile>
    <ClCompile Include="Scene\Material.cpp">
      <Filter>Scene</Filter>
    </ClCompile>
    <ClCompile Include="Common\Image.cpp">
      <Filter>Common</Filter>
    </ClCompile>
    <ClCompile Include="Common\Win\FS.cpp">
      <Filter>Common\Win</Filter>
    </ClCompile>
    <ClCompile Include="ResourceDir.cpp" />
    <ClCompile Include="Scene\Light.cpp">
      <Filter>Scene</Filter>
    </ClCompile>
    <ClCompile Include="Scene\Model.cpp">
      <Filter>Scene</Filter>
    </ClCompile>
    <ClCompile Include="Math\Vector.cpp">
      <Filter>Math</Filter>
    </ClCompile>
    <ClCompile Include="Math\Plane.cpp">
      <Filter>Math</Filter>
    </ClCompile>
    <ClCompile Include="Renderer\HighLevel\DescriptorLayoutManager.cpp">
      <Filter>Renderer\HighLevel</Filter>
    </ClCompile>
    <ClCompile Include="Renderer\HighLevel\GridFrustumsGenerator.cpp">
      <Filter>Renderer\HighLevel</Filter>
    </ClCompile>
    <ClCompile Include="Renderer\HighLevel\Renderer.cpp">
      <Filter>Renderer\HighLevel</Filter>
    </ClCompile>
    <ClCompile Include="Renderer\HighLevel\ShaderMacroDefinitions.cpp">
      <Filter>Renderer\HighLevel</Filter>
    </ClCompile>
    <ClCompile Include="Renderer\LowLevel\Backbuffer.cpp">
      <Filter>Renderer\LowLevel</Filter>
    </ClCompile>
    <ClCompile Include="Renderer\LowLevel\Buffer.cpp">
      <Filter>Renderer\LowLevel</Filter>
    </ClCompile>
    <ClCompile Include="Renderer\LowLevel\CommandBuffer.cpp">
      <Filter>Renderer\LowLevel</Filter>
    </ClCompile>
    <ClCompile Include="Renderer\LowLevel\Debugger.cpp">
      <Filter>Renderer\LowLevel</Filter>
    </ClCompile>
    <ClCompile Include="Renderer\LowLevel\Device.cpp">
      <Filter>Renderer\LowLevel</Filter>
    </ClCompile>
    <ClCompile Include="Renderer\LowLevel\Extensions.cpp">
      <Filter>Renderer\LowLevel</Filter>
    </ClCompile>
    <ClCompile Include="Renderer\LowLevel\Framebuffer.cpp">
      <Filter>Renderer\LowLevel</Filter>
    </ClCompile>
    <ClCompile Include="Renderer\LowLevel\Instance.cpp">
      <Filter>Renderer\LowLevel</Filter>
    </ClCompile>
    <ClCompile Include="Renderer\LowLevel\MultiPipeline.cpp">
      <Filter>Renderer\LowLevel</Filter>
    </ClCompile>
    <ClCompile Include="Renderer\LowLevel\Pipeline.cpp">
      <Filter>Renderer\LowLevel</Filter>
    </ClCompile>
    <ClCompile Include="Renderer\LowLevel\QueueManager.cpp">
      <Filter>Renderer\LowLevel</Filter>
    </ClCompile>
    <ClCompile Include="Renderer\LowLevel\RingBuffer.cpp">
      <Filter>Renderer\LowLevel</Filter>
    </ClCompile>
    <ClCompile Include="Renderer\LowLevel\Shader.cpp">
      <Filter>Renderer\LowLevel</Filter>
    </ClCompile>
    <ClCompile Include="Renderer\LowLevel\Texture.cpp">
      <Filter>Renderer\LowLevel</Filter>
    </ClCompile>
    <ClCompile Include="Renderer\LowLevel\Tools.cpp">
      <Filter>Renderer\LowLevel</Filter>
    </ClCompile>
    <ClCompile Include="Renderer\LowLevel\Translations.cpp">
      <Filter>Renderer\LowLevel</Filter>
    </ClCompile>
    <ClCompile Include="Renderer\LowLevel\Util.cpp">
      <Filter>Renderer\LowLevel</Filter>
    </ClCompile>
    <ClCompile Include="Renderer\LowLevel\VertexLayout.cpp">
      <Filter>Renderer\LowLevel</Filter>
    </ClCompile>
    <ClCompile Include="Renderer\LowLevel\Win\WinBackbuffer.cpp">
      <Filter>Renderer\LowLevel\Win</Filter>
    </ClCompile>
    <ClCompile Include="Renderer\LowLevel\DescriptorAllocator.cpp">
      <Filter>Renderer\LowLevel</Filter>
    </ClCompile>
    <ClCompile Include="Renderer\HighLevel\ResourceManager.cpp">
      <Filter>Renderer\HighLevel</Filter>
    </ClCompile>
    <ClCompile Include="Math\Interpolation\CubicInterpolator.cpp">
      <Filter>Math\Interpolation</Filter>
    </ClCompile>
    <ClCompile Include="Math\Interpolation\Interpolator.cpp">
      <Filter>Math\Interpolation</Filter>
    </ClCompile>
    <ClCompile Include="Math\Interpolation\LinearInterpolator.cpp">
      <Filter>Math\Interpolation</Filter>
    </ClCompile>
    <ClCompile Include="Renderer\HighLevel\ForwardPass.cpp">
      <Filter>Renderer\HighLevel</Filter>
    </ClCompile>
    <ClCompile Include="Renderer\HighLevel\DepthPrePass.cpp">
      <Filter>Renderer\HighLevel</Filter>
    </ClCompile>
    <ClCompile Include="Math\Frustum.cpp">
      <Filter>Math</Filter>
    </ClCompile>
    <ClCompile Include="Math\AABB.cpp">
      <Filter>Math</Filter>
    </ClCompile>
    <ClCompile Include="Scene\Component.cpp">
      <Filter>Scene</Filter>
    </ClCompile>
    <ClCompile Include="Renderer\HighLevel\LightCuller.cpp">
      <Filter>Renderer\HighLevel</Filter>
    </ClCompile>
  </ItemGroup>
  <ItemGroup>
    <ClInclude Include="Common\Window.hpp">
      <Filter>Common</Filter>
    </ClInclude>
    <ClInclude Include="PCH.hpp" />
    <ClInclude Include="Common\Library.hpp">
      <Filter>Common</Filter>
    </ClInclude>
    <ClInclude Include="Common\Logger.hpp">
      <Filter>Common</Filter>
    </ClInclude>
    <ClInclude Include="Math\Common.hpp">
      <Filter>Math</Filter>
    </ClInclude>
    <ClInclude Include="Math\Matrix.hpp">
      <Filter>Math</Filter>
    </ClInclude>
    <ClInclude Include="Math\Vector.hpp">
      <Filter>Math</Filter>
    </ClInclude>
    <ClInclude Include="Common\Common.hpp">
      <Filter>Common</Filter>
    </ClInclude>
    <ClInclude Include="Common\Timer.hpp">
      <Filter>Common</Filter>
    </ClInclude>
    <ClInclude Include="Scene\Camera.hpp">
      <Filter>Scene</Filter>
    </ClInclude>
    <ClInclude Include="Scene\Object.hpp">
      <Filter>Scene</Filter>
    </ClInclude>
    <ClInclude Include="Scene\Mesh.hpp">
      <Filter>Scene</Filter>
    </ClInclude>
    <ClInclude Include="Common\FBXFile.hpp">
      <Filter>Common</Filter>
    </ClInclude>
    <ClInclude Include="Scene\Component.hpp">
      <Filter>Scene</Filter>
    </ClInclude>
    <ClInclude Include="Scene\Scene.hpp">
      <Filter>Scene</Filter>
    </ClInclude>
    <ClInclude Include="Prerequisites.hpp" />
    <ClInclude Include="Scene\Material.hpp">
      <Filter>Scene</Filter>
    </ClInclude>
    <ClInclude Include="Common\Image.hpp">
      <Filter>Common</Filter>
    </ClInclude>
    <ClInclude Include="Common\FS.hpp">
      <Filter>Common</Filter>
    </ClInclude>
    <ClInclude Include="ResourceDir.hpp" />
    <ClInclude Include="Scene\Light.hpp">
      <Filter>Scene</Filter>
    </ClInclude>
    <ClInclude Include="Math\Sort.hpp">
      <Filter>Math</Filter>
    </ClInclude>
    <ClInclude Include="Math\SortImpl.hpp">
      <Filter>Math</Filter>
    </ClInclude>
    <ClInclude Include="Scene\Model.hpp">
      <Filter>Scene</Filter>
    </ClInclude>
    <ClInclude Include="Math\Plane.hpp">
      <Filter>Math</Filter>
    </ClInclude>
    <ClInclude Include="Renderer\HighLevel\DescriptorLayoutManager.hpp">
      <Filter>Renderer\HighLevel</Filter>
    </ClInclude>
    <ClInclude Include="Renderer\HighLevel\GridFrustumsGenerator.hpp">
      <Filter>Renderer\HighLevel</Filter>
    </ClInclude>
    <ClInclude Include="Renderer\HighLevel\Renderer.hpp">
      <Filter>Renderer\HighLevel</Filter>
    </ClInclude>
    <ClInclude Include="Renderer\HighLevel\ShaderMacroDefinitions.hpp">
      <Filter>Renderer\HighLevel</Filter>
    </ClInclude>
    <ClInclude Include="Renderer\LowLevel\Backbuffer.hpp">
      <Filter>Renderer\LowLevel</Filter>
    </ClInclude>
    <ClInclude Include="Renderer\LowLevel\Buffer.hpp">
      <Filter>Renderer\LowLevel</Filter>
    </ClInclude>
    <ClInclude Include="Renderer\LowLevel\CommandBuffer.hpp">
      <Filter>Renderer\LowLevel</Filter>
    </ClInclude>
    <ClInclude Include="Renderer\LowLevel\Debugger.hpp">
      <Filter>Renderer\LowLevel</Filter>
    </ClInclude>
    <ClInclude Include="Renderer\LowLevel\Device.hpp">
      <Filter>Renderer\LowLevel</Filter>
    </ClInclude>
    <ClInclude Include="Renderer\LowLevel\Extensions.hpp">
      <Filter>Renderer\LowLevel</Filter>
    </ClInclude>
    <ClInclude Include="Renderer\LowLevel\Framebuffer.hpp">
      <Filter>Renderer\LowLevel</Filter>
    </ClInclude>
    <ClInclude Include="Renderer\LowLevel\Instance.hpp">
      <Filter>Renderer\LowLevel</Filter>
    </ClInclude>
    <ClInclude Include="Renderer\LowLevel\MultiPipeline.hpp">
      <Filter>Renderer\LowLevel</Filter>
    </ClInclude>
    <ClInclude Include="Renderer\LowLevel\Pipeline.hpp">
      <Filter>Renderer\LowLevel</Filter>
    </ClInclude>
    <ClInclude Include="Renderer\LowLevel\QueueManager.hpp">
      <Filter>Renderer\LowLevel</Filter>
    </ClInclude>
    <ClInclude Include="Renderer\LowLevel\RingBuffer.hpp">
      <Filter>Renderer\LowLevel</Filter>
    </ClInclude>
    <ClInclude Include="Renderer\LowLevel\Shader.hpp">
      <Filter>Renderer\LowLevel</Filter>
    </ClInclude>
    <ClInclude Include="Renderer\LowLevel\Texture.hpp">
      <Filter>Renderer\LowLevel</Filter>
    </ClInclude>
    <ClInclude Include="Renderer\LowLevel\Tools.hpp">
      <Filter>Renderer\LowLevel</Filter>
    </ClInclude>
    <ClInclude Include="Renderer\LowLevel\Translations.hpp">
      <Filter>Renderer\LowLevel</Filter>
    </ClInclude>
    <ClInclude Include="Renderer\LowLevel\Util.hpp">
      <Filter>Renderer\LowLevel</Filter>
    </ClInclude>
    <ClInclude Include="Renderer\LowLevel\VertexLayout.hpp">
      <Filter>Renderer\LowLevel</Filter>
    </ClInclude>
    <ClInclude Include="Renderer\LowLevel\Win\WinBackbuffer.hpp">
      <Filter>Renderer\LowLevel\Win</Filter>
    </ClInclude>
    <ClInclude Include="Renderer\LowLevel\DescriptorAllocator.hpp">
      <Filter>Renderer\LowLevel</Filter>
    </ClInclude>
    <ClInclude Include="Renderer\HighLevel\ResourceManager.hpp">
      <Filter>Renderer\HighLevel</Filter>
    </ClInclude>
    <ClInclude Include="Renderer\LowLevel\Types.hpp">
      <Filter>Renderer\LowLevel</Filter>
    </ClInclude>
    <ClInclude Include="Math\Interpolation\CubicInterpolator.hpp">
      <Filter>Math\Interpolation</Filter>
    </ClInclude>
    <ClInclude Include="Math\Interpolation\Interpolator.hpp">
      <Filter>Math\Interpolation</Filter>
    </ClInclude>
    <ClInclude Include="Math\Interpolation\LinearInterpolator.hpp">
      <Filter>Math\Interpolation</Filter>
    </ClInclude>
    <ClInclude Include="Common\Traits.hpp">
      <Filter>Common</Filter>
    </ClInclude>
    <ClInclude Include="Renderer\LowLevel\VkRAII.hpp">
      <Filter>Renderer\LowLevel</Filter>
    </ClInclude>
    <ClInclude Include="Renderer\HighLevel\ForwardPass.hpp">
      <Filter>Renderer\HighLevel</Filter>
    </ClInclude>
    <ClInclude Include="Renderer\HighLevel\DepthPrePass.hpp">
      <Filter>Renderer\HighLevel</Filter>
    </ClInclude>
    <ClInclude Include="Math\Frustum.hpp">
      <Filter>Math</Filter>
    </ClInclude>
    <ClInclude Include="Math\AABB.hpp">
      <Filter>Math</Filter>
    </ClInclude>
    <ClInclude Include="Math\RingAverage.hpp">
      <Filter>Math</Filter>
    </ClInclude>
    <ClInclude Include="Math\RingAverageImpl.hpp">
      <Filter>Math</Filter>
    </ClInclude>
    <ClInclude Include="Renderer\HighLevel\LightCuller.hpp">
      <Filter>Renderer\HighLevel</Filter>
    </ClInclude>
  </ItemGroup>
</Project>