<?xml version="1.0" encoding="utf-8"?>
<Project ToolsVersion="4.0" xmlns="http://schemas.microsoft.com/developer/msbuild/2003">
  <ItemGroup>
    <Filter Include="Common">
      <UniqueIdentifier>{5fcceab6-6503-480a-a370-0fd44c933c19}</UniqueIdentifier>
    </Filter>
    <Filter Include="Renderer">
      <UniqueIdentifier>{f224178c-9446-4e92-97d8-30643535e2eb}</UniqueIdentifier>
    </Filter>
    <Filter Include="Math">
      <UniqueIdentifier>{2110b703-bd35-4cb5-b400-78e3caa79a8a}</UniqueIdentifier>
    </Filter>
    <Filter Include="Scene">
      <UniqueIdentifier>{8c636787-4a62-4303-b10f-d68f25582ee7}</UniqueIdentifier>
    </Filter>
    <Filter Include="Renderer\Win">
      <UniqueIdentifier>{11347a3d-10e8-4c2a-9988-0f8b9e1b1fe4}</UniqueIdentifier>
    </Filter>
    <Filter Include="Common\Win">
      <UniqueIdentifier>{40ce5f05-4845-4384-875b-c333f300d9a1}</UniqueIdentifier>
    </Filter>
  </ItemGroup>
  <ItemGroup>
    <ClCompile Include="Main.cpp" />
    <ClCompile Include="PCH.cpp" />
    <ClCompile Include="Renderer\Device.cpp">
      <Filter>Renderer</Filter>
    </ClCompile>
    <ClCompile Include="Renderer\Extensions.cpp">
      <Filter>Renderer</Filter>
    </ClCompile>
    <ClCompile Include="Renderer\Instance.cpp">
      <Filter>Renderer</Filter>
    </ClCompile>
    <ClCompile Include="Renderer\Backbuffer.cpp">
      <Filter>Renderer</Filter>
    </ClCompile>
    <ClCompile Include="Math\Matrix.cpp">
      <Filter>Math</Filter>
    </ClCompile>
    <ClCompile Include="Math\Vector.cpp">
      <Filter>Math</Filter>
    </ClCompile>
    <ClCompile Include="Renderer\Translations.cpp">
      <Filter>Renderer</Filter>
    </ClCompile>
    <ClCompile Include="Renderer\Texture.cpp">
      <Filter>Renderer</Filter>
    </ClCompile>
    <ClCompile Include="Renderer\Framebuffer.cpp">
      <Filter>Renderer</Filter>
    </ClCompile>
    <ClCompile Include="Renderer\CommandBuffer.cpp">
      <Filter>Renderer</Filter>
    </ClCompile>
    <ClCompile Include="Renderer\Buffer.cpp">
      <Filter>Renderer</Filter>
    </ClCompile>
    <ClCompile Include="Renderer\Debugger.cpp">
      <Filter>Renderer</Filter>
    </ClCompile>
    <ClCompile Include="Renderer\Pipeline.cpp">
      <Filter>Renderer</Filter>
    </ClCompile>
    <ClCompile Include="Renderer\Shader.cpp">
      <Filter>Renderer</Filter>
    </ClCompile>
    <ClCompile Include="Renderer\VertexLayout.cpp">
      <Filter>Renderer</Filter>
    </ClCompile>
    <ClCompile Include="Renderer\Tools.cpp">
      <Filter>Renderer</Filter>
    </ClCompile>
    <ClCompile Include="Renderer\Renderer.cpp">
      <Filter>Renderer</Filter>
    </ClCompile>
    <ClCompile Include="Scene\Camera.cpp">
      <Filter>Scene</Filter>
    </ClCompile>
    <ClCompile Include="Scene\Object.cpp">
      <Filter>Scene</Filter>
    </ClCompile>
    <ClCompile Include="Scene\Mesh.cpp">
      <Filter>Scene</Filter>
    </ClCompile>
    <ClCompile Include="Renderer\RingBuffer.cpp">
      <Filter>Renderer</Filter>
    </ClCompile>
    <ClCompile Include="Renderer\Util.cpp">
      <Filter>Renderer</Filter>
    </ClCompile>
    <ClCompile Include="Common\Win\Common.cpp">
      <Filter>Common\Win</Filter>
    </ClCompile>
    <ClCompile Include="Common\Win\Library.cpp">
      <Filter>Common\Win</Filter>
    </ClCompile>
    <ClCompile Include="Common\Win\Logger.cpp">
      <Filter>Common\Win</Filter>
    </ClCompile>
    <ClCompile Include="Common\Win\Timer.cpp">
      <Filter>Common\Win</Filter>
    </ClCompile>
    <ClCompile Include="Common\Win\Window.cpp">
      <Filter>Common\Win</Filter>
    </ClCompile>
    <ClCompile Include="Renderer\Win\WinBackbuffer.cpp">
      <Filter>Renderer\Win</Filter>
    </ClCompile>
  </ItemGroup>
  <ItemGroup>
    <ClInclude Include="Common\Window.hpp">
      <Filter>Common</Filter>
    </ClInclude>
    <ClInclude Include="PCH.hpp" />
    <ClInclude Include="Renderer\Device.hpp">
      <Filter>Renderer</Filter>
    </ClInclude>
    <ClInclude Include="Renderer\Extensions.hpp">
      <Filter>Renderer</Filter>
    </ClInclude>
    <ClInclude Include="Renderer\Instance.hpp">
      <Filter>Renderer</Filter>
    </ClInclude>
    <ClInclude Include="Common\Library.hpp">
      <Filter>Common</Filter>
    </ClInclude>
    <ClInclude Include="Common\Logger.hpp">
      <Filter>Common</Filter>
    </ClInclude>
    <ClInclude Include="Renderer\Backbuffer.hpp">
      <Filter>Renderer</Filter>
    </ClInclude>
    <ClInclude Include="Math\Common.hpp">
      <Filter>Math</Filter>
    </ClInclude>
    <ClInclude Include="Math\Matrix.hpp">
      <Filter>Math</Filter>
    </ClInclude>
    <ClInclude Include="Math\Vector.hpp">
      <Filter>Math</Filter>
    </ClInclude>
    <ClInclude Include="Renderer\Util.hpp">
      <Filter>Renderer</Filter>
    </ClInclude>
    <ClInclude Include="Common\Common.hpp">
      <Filter>Common</Filter>
    </ClInclude>
    <ClInclude Include="Renderer\Translations.hpp">
      <Filter>Renderer</Filter>
    </ClInclude>
    <ClInclude Include="Renderer\Texture.hpp">
      <Filter>Renderer</Filter>
    </ClInclude>
    <ClInclude Include="Renderer\Framebuffer.hpp">
      <Filter>Renderer</Filter>
    </ClInclude>
    <ClInclude Include="Renderer\CommandBuffer.hpp">
      <Filter>Renderer</Filter>
    </ClInclude>
    <ClInclude Include="Renderer\Buffer.hpp">
      <Filter>Renderer</Filter>
    </ClInclude>
    <ClInclude Include="Renderer\Debugger.hpp">
      <Filter>Renderer</Filter>
    </ClInclude>
    <ClInclude Include="Renderer\Pipeline.hpp">
      <Filter>Renderer</Filter>
    </ClInclude>
    <ClInclude Include="Renderer\Shader.hpp">
      <Filter>Renderer</Filter>
    </ClInclude>
    <ClInclude Include="Renderer\VertexLayout.hpp">
      <Filter>Renderer</Filter>
    </ClInclude>
    <ClInclude Include="Renderer\Tools.hpp">
      <Filter>Renderer</Filter>
    </ClInclude>
    <ClInclude Include="Renderer\Renderer.hpp">
      <Filter>Renderer</Filter>
    </ClInclude>
    <ClInclude Include="Common\Timer.hpp">
      <Filter>Common</Filter>
    </ClInclude>
    <ClInclude Include="Scene\Camera.hpp">
      <Filter>Scene</Filter>
    </ClInclude>
    <ClInclude Include="Scene\Object.hpp">
      <Filter>Scene</Filter>
    </ClInclude>
    <ClInclude Include="Scene\Mesh.hpp">
      <Filter>Scene</Filter>
    </ClInclude>
    <ClInclude Include="Renderer\RingBuffer.hpp">
      <Filter>Renderer</Filter>
    </ClInclude>
    <ClInclude Include="Renderer\Win\WinBackbuffer.hpp">
      <Filter>Renderer\Win</Filter>
    </ClInclude>
  </ItemGroup>
</Project>